
Microsoft Visual Studio Solution File, Format Version 12.00
# Visual Studio 15
VisualStudioVersion = 15.0.28307.421
MinimumVisualStudioVersion = 10.0.40219.1
Project("{8BC9CEB8-8B4A-11D0-8D11-00A0C91BC942}") = "enclave", "enclave\enclave.vcxproj", "{19AACE2F-38FE-4DEF-9793-429224893879}"
EndProject
Project("{8BC9CEB8-8B4A-11D0-8D11-00A0C91BC942}") = "test", "..\test\test\test.vcxproj", "{6E2FFF24-BDE6-4DA8-A154-1E91D5FB57C4}"
EndProject
Global
	GlobalSection(SolutionConfigurationPlatforms) = preSolution
		Debug|x64 = Debug|x64
		Debug|x86 = Debug|x86
		Prerelease|x64 = Prerelease|x64
		Prerelease|x86 = Prerelease|x86
		Release|x64 = Release|x64
		Release|x86 = Release|x86
		Simulation|x64 = Simulation|x64
		Simulation|x86 = Simulation|x86
	EndGlobalSection
	GlobalSection(ProjectConfigurationPlatforms) = postSolution
		{19AACE2F-38FE-4DEF-9793-429224893879}.Debug|x64.ActiveCfg = Debug|x64
		{19AACE2F-38FE-4DEF-9793-429224893879}.Debug|x64.Build.0 = Debug|x64
		{19AACE2F-38FE-4DEF-9793-429224893879}.Debug|x86.ActiveCfg = Debug|Win32
		{19AACE2F-38FE-4DEF-9793-429224893879}.Debug|x86.Build.0 = Debug|Win32
		{19AACE2F-38FE-4DEF-9793-429224893879}.Prerelease|x64.ActiveCfg = Prerelease|x64
		{19AACE2F-38FE-4DEF-9793-429224893879}.Prerelease|x64.Build.0 = Prerelease|x64
		{19AACE2F-38FE-4DEF-9793-429224893879}.Prerelease|x86.ActiveCfg = Prerelease|Win32
		{19AACE2F-38FE-4DEF-9793-429224893879}.Prerelease|x86.Build.0 = Prerelease|Win32
		{19AACE2F-38FE-4DEF-9793-429224893879}.Release|x64.ActiveCfg = Release|x64
		{19AACE2F-38FE-4DEF-9793-429224893879}.Release|x64.Build.0 = Release|x64
		{19AACE2F-38FE-4DEF-9793-429224893879}.Release|x86.ActiveCfg = Release|Win32
		{19AACE2F-38FE-4DEF-9793-429224893879}.Release|x86.Build.0 = Release|Win32
		{19AACE2F-38FE-4DEF-9793-429224893879}.Simulation|x64.ActiveCfg = Simulation|x64
		{19AACE2F-38FE-4DEF-9793-429224893879}.Simulation|x64.Build.0 = Simulation|x64
		{19AACE2F-38FE-4DEF-9793-429224893879}.Simulation|x86.ActiveCfg = Simulation|Win32
		{19AACE2F-38FE-4DEF-9793-429224893879}.Simulation|x86.Build.0 = Simulation|Win32
		{6E2FFF24-BDE6-4DA8-A154-1E91D5FB57C4}.Debug|x64.ActiveCfg = Debug|x64
		{6E2FFF24-BDE6-4DA8-A154-1E91D5FB57C4}.Debug|x64.Build.0 = Debug|x64
		{6E2FFF24-BDE6-4DA8-A154-1E91D5FB57C4}.Debug|x86.ActiveCfg = Debug|Win32
		{6E2FFF24-BDE6-4DA8-A154-1E91D5FB57C4}.Debug|x86.Build.0 = Debug|Win32
		{6E2FFF24-BDE6-4DA8-A154-1E91D5FB57C4}.Prerelease|x64.ActiveCfg = Prerelease|x64
		{6E2FFF24-BDE6-4DA8-A154-1E91D5FB57C4}.Prerelease|x64.Build.0 = Prerelease|x64
		{6E2FFF24-BDE6-4DA8-A154-1E91D5FB57C4}.Prerelease|x86.ActiveCfg = Prerelease|Win32
		{6E2FFF24-BDE6-4DA8-A154-1E91D5FB57C4}.Prerelease|x86.Build.0 = Prerelease|Win32
		{6E2FFF24-BDE6-4DA8-A154-1E91D5FB57C4}.Release|x64.ActiveCfg = Release|x64
		{6E2FFF24-BDE6-4DA8-A154-1E91D5FB57C4}.Release|x64.Build.0 = Release|x64
		{6E2FFF24-BDE6-4DA8-A154-1E91D5FB57C4}.Release|x86.ActiveCfg = Release|Win32
		{6E2FFF24-BDE6-4DA8-A154-1E91D5FB57C4}.Release|x86.Build.0 = Release|Win32
		{6E2FFF24-BDE6-4DA8-A154-1E91D5FB57C4}.Simulation|x64.ActiveCfg = Simulation|x64
		{6E2FFF24-BDE6-4DA8-A154-1E91D5FB57C4}.Simulation|x64.Build.0 = Simulation|x64
		{6E2FFF24-BDE6-4DA8-A154-1E91D5FB57C4}.Simulation|x86.ActiveCfg = Simulation|Win32
		{6E2FFF24-BDE6-4DA8-A154-1E91D5FB57C4}.Simulation|x86.Build.0 = Simulation|Win32
	EndGlobalSection
	GlobalSection(SolutionProperties) = preSolution
		HideSolutionNode = FALSE
	EndGlobalSection
	GlobalSection(ExtensibilityGlobals) = postSolution
		SolutionGuid = {C7B5F416-3ADF-4AFE-BB36-31BF9806F56C}
	EndGlobalSection
EndGlobal
