
Microsoft Visual Studio Solution File, Format Version 12.00
# Visual Studio 15
VisualStudioVersion = 15.0.28307.779
MinimumVisualStudioVersion = 10.0.40219.1
Project("{FAE04EC0-301F-11D3-BF4B-00C04F79EFBC}") = "haz", "haz\haz.csproj", "{5C02303F-1C70-44B9-B712-C1766214DD51}"
EndProject
Global
	GlobalSection(SolutionConfigurationPlatforms) = preSolution
		Debug|Any CPU = Debug|Any CPU
		Release|Any CPU = Release|Any CPU
	EndGlobalSection
	GlobalSection(ProjectConfigurationPlatforms) = postSolution
		{5C02303F-1C70-44B9-B712-C1766214DD51}.Debug|Any CPU.ActiveCfg = Debug|Any CPU
		{5C02303F-1C70-44B9-B712-C1766214DD51}.Debug|Any CPU.Build.0 = Debug|Any CPU
		{5C02303F-1C70-44B9-B712-C1766214DD51}.Release|Any CPU.ActiveCfg = Release|Any CPU
		{5C02303F-1C70-44B9-B712-C1766214DD51}.Release|Any CPU.Build.0 = Release|Any CPU
	EndGlobalSection
	GlobalSection(SolutionProperties) = preSolution
		HideSolutionNode = FALSE
	EndGlobalSection
	GlobalSection(ExtensibilityGlobals) = postSolution
		SolutionGuid = {53811EC3-53D2-48C1-B592-1DA09918CEF1}
	EndGlobalSection
EndGlobal
